
Microsoft Visual Studio Solution File, Format Version 12.00
# Visual Studio Version 17
VisualStudioVersion = 17.9.34701.34
MinimumVisualStudioVersion = 10.0.40219.1
Project("{9A19103F-16F7-4668-BE54-9A1E7A4F7556}") = "LeagueTableInterface", "LeagueTableInterface\LeagueTableInterface.csproj", "{A64B5B5A-EDED-494B-9EF4-5AAB7CD09491}"
EndProject
Global
	GlobalSection(SolutionConfigurationPlatforms) = preSolution
		Debug|Any CPU = Debug|Any CPU
		Release|Any CPU = Release|Any CPU
	EndGlobalSection
	GlobalSection(ProjectConfigurationPlatforms) = postSolution
		{A64B5B5A-EDED-494B-9EF4-5AAB7CD09491}.Debug|Any CPU.ActiveCfg = Debug|Any CPU
		{A64B5B5A-EDED-494B-9EF4-5AAB7CD09491}.Debug|Any CPU.Build.0 = Debug|Any CPU
		{A64B5B5A-EDED-494B-9EF4-5AAB7CD09491}.Release|Any CPU.ActiveCfg = Release|Any CPU
		{A64B5B5A-EDED-494B-9EF4-5AAB7CD09491}.Release|Any CPU.Build.0 = Release|Any CPU
	EndGlobalSection
	GlobalSection(SolutionProperties) = preSolution
		HideSolutionNode = FALSE
	EndGlobalSection
	GlobalSection(ExtensibilityGlobals) = postSolution
		SolutionGuid = {15FA0990-43E7-4890-AC95-6E54999FBDE9}
	EndGlobalSection
EndGlobal
